<?xml version="1.0" encoding="utf-8"?>
<Project ToolsVersion="4.0" xmlns="http://schemas.microsoft.com/developer/msbuild/2003">
  <ItemGroup>
    <Filter Include="Resource Files">
      <UniqueIdentifier>{D9D6E242-F8AF-46E4-B9FD-80ECBC20BA3E}</UniqueIdentifier>
      <Extensions>qrc;*</Extensions>
      <ParseFiles>false</ParseFiles>
    </Filter>
    <Filter Include="Resource Files">
      <UniqueIdentifier>{D9D6E242-F8AF-46E4-B9FD-80ECBC20BA3E}</UniqueIdentifier>
      <Extensions>qrc;*</Extensions>
      <ParseFiles>false</ParseFiles>
    </Filter>
    <Filter Include="Generated Files">
      <UniqueIdentifier>{71ED8ED8-ACB9-4CE9-BBE1-E00B30144E11}</UniqueIdentifier>
      <Extensions>moc;h;cpp</Extensions>
      <SourceControlFiles>False</SourceControlFiles>
    </Filter>
    <Filter Include="Generated Files\Debug">
      <UniqueIdentifier>{4e1bd037-17be-4ea0-9026-f160b5948ed1}</UniqueIdentifier>
      <Extensions>cpp;moc</Extensions>
      <SourceControlFiles>False</SourceControlFiles>
    </Filter>
    <Filter Include="Generated Files\Release">
      <UniqueIdentifier>{3d5212ed-8cfb-424e-91b4-e2d2ea381882}</UniqueIdentifier>
      <Extensions>cpp;moc</Extensions>
      <SourceControlFiles>False</SourceControlFiles>
    </Filter>
    <Filter Include="IVRFramework">
      <UniqueIdentifier>{b0e3c659-018e-4c5c-839e-6d87a67ed663}</UniqueIdentifier>
    </Filter>
    <Filter Include="IVRFramework\base_widget">
      <UniqueIdentifier>{ee66864e-f1c6-4e9d-bc18-034ed41c1cdb}</UniqueIdentifier>
    </Filter>
    <Filter Include="IVRFramework\command">
      <UniqueIdentifier>{92260390-b479-4347-b0d1-eb93bf208758}</UniqueIdentifier>
    </Filter>
    <Filter Include="IVRFramework\frame">
      <UniqueIdentifier>{2e61509b-2eb6-41c6-a7eb-5151a6aab05e}</UniqueIdentifier>
    </Filter>
    <Filter Include="IVRFramework\frameless">
      <UniqueIdentifier>{2bc25170-8539-4f35-9435-6f307ebfc2c4}</UniqueIdentifier>
    </Filter>
    <Filter Include="IVRFramework\uiconfig">
      <UniqueIdentifier>{3670a691-c7d3-442f-a6e2-56a329cfcef9}</UniqueIdentifier>
    </Filter>
    <Filter Include="Translation Files">
      <UniqueIdentifier>{639EADAA-A684-42e4-A9AD-28FC9BCB8F7C}</UniqueIdentifier>
      <Extensions>ts</Extensions>
      <ParseFiles>false</ParseFiles>
    </Filter>
    <Filter Include="IVRFramework\frame_extension">
      <UniqueIdentifier>{4b10cbef-7b33-4ad5-bafc-cc728b9f08e1}</UniqueIdentifier>
    </Filter>
    <Filter Include="IVRFramework\control">
      <UniqueIdentifier>{3b6b4223-d218-48dc-b139-e5236aaca840}</UniqueIdentifier>
    </Filter>
    <Filter Include="IVRFramework\undo_redo">
      <UniqueIdentifier>{1d2f2538-0e78-44b0-9387-bcd13827a76e}</UniqueIdentifier>
    </Filter>
  </ItemGroup>
  <ItemGroup>
    <CustomBuild Include="..\..\Src\IVRFramework\eStyle.h">
      <Filter>IVRFramework</Filter>
    </CustomBuild>
    <CustomBuild Include="..\..\Src\IVRFramework\base_widget\eBaseDialog.h">
      <Filter>IVRFramework\base_widget</Filter>
    </CustomBuild>
    <CustomBuild Include="..\..\Src\IVRFramework\base_widget\eBaseTitle.h">
      <Filter>IVRFramework\base_widget</Filter>
    </CustomBuild>
    <CustomBuild Include="..\..\Src\IVRFramework\base_widget\eMainWindow.h">
      <Filter>IVRFramework\base_widget</Filter>
    </CustomBuild>
    <CustomBuild Include="..\..\Src\IVRFramework\base_widget\eMainWindowTitle.h">
      <Filter>IVRFramework\base_widget</Filter>
    </CustomBuild>
    <CustomBuild Include="..\..\Src\IVRFramework\base_widget\eMdiArea.h">
      <Filter>IVRFramework\base_widget</Filter>
    </CustomBuild>
    <CustomBuild Include="..\..\Src\IVRFramework\frameless\eFramelessHelper.h">
      <Filter>IVRFramework\frameless</Filter>
    </CustomBuild>
    <CustomBuild Include="Resource.qrc">
      <Filter>Resource Files</Filter>
    </CustomBuild>
    <CustomBuild Include="..\..\Src\IVRFramework\command\eCommandManager.h">
      <Filter>IVRFramework\command</Filter>
    </CustomBuild>
    <CustomBuild Include="..\..\Src\IVRFramework\base_widget\eToolBar.h">
      <Filter>IVRFramework\base_widget</Filter>
    </CustomBuild>
  </ItemGroup>
  <ItemGroup>
    <ClCompile Include="..\..\Src\IVRFramework\eAppInfo.cpp">
      <Filter>IVRFramework</Filter>
    </ClCompile>
    <ClCompile Include="..\..\Src\IVRFramework\eLanguageManager.cpp">
      <Filter>IVRFramework</Filter>
    </ClCompile>
    <ClCompile Include="..\..\Src\IVRFramework\eService.cpp">
      <Filter>IVRFramework</Filter>
    </ClCompile>
    <ClCompile Include="..\..\Src\IVRFramework\eStyle.cpp">
      <Filter>IVRFramework</Filter>
    </ClCompile>
    <ClCompile Include="GeneratedFiles\Debug\moc_eStyle.cpp">
      <Filter>Generated Files\Debug</Filter>
    </ClCompile>
    <ClCompile Include="GeneratedFiles\Release\moc_eStyle.cpp">
      <Filter>Generated Files\Release</Filter>
    </ClCompile>
    <ClCompile Include="..\..\Src\IVRFramework\base_widget\eBaseDialog.cpp">
      <Filter>IVRFramework\base_widget</Filter>
    </ClCompile>
    <ClCompile Include="GeneratedFiles\Debug\moc_eBaseDialog.cpp">
      <Filter>Generated Files\Debug</Filter>
    </ClCompile>
    <ClCompile Include="GeneratedFiles\Release\moc_eBaseDialog.cpp">
      <Filter>Generated Files\Release</Filter>
    </ClCompile>
    <ClCompile Include="..\..\Src\IVRFramework\base_widget\eBaseTitle.cpp">
      <Filter>IVRFramework\base_widget</Filter>
    </ClCompile>
    <ClCompile Include="GeneratedFiles\Debug\moc_eBaseTitle.cpp">
      <Filter>Generated Files\Debug</Filter>
    </ClCompile>
    <ClCompile Include="GeneratedFiles\Release\moc_eBaseTitle.cpp">
      <Filter>Generated Files\Release</Filter>
    </ClCompile>
    <ClCompile Include="..\..\Src\IVRFramework\base_widget\eMainWindow.cpp">
      <Filter>IVRFramework\base_widget</Filter>
    </ClCompile>
    <ClCompile Include="GeneratedFiles\Debug\moc_eMainWindow.cpp">
      <Filter>Generated Files\Debug</Filter>
    </ClCompile>
    <ClCompile Include="GeneratedFiles\Release\moc_eMainWindow.cpp">
      <Filter>Generated Files\Release</Filter>
    </ClCompile>
    <ClCompile Include="..\..\Src\IVRFramework\base_widget\eMainWindowTitle.cpp">
      <Filter>IVRFramework\base_widget</Filter>
    </ClCompile>
    <ClCompile Include="GeneratedFiles\Debug\moc_eMainWindowTitle.cpp">
      <Filter>Generated Files\Debug</Filter>
    </ClCompile>
    <ClCompile Include="GeneratedFiles\Release\moc_eMainWindowTitle.cpp">
      <Filter>Generated Files\Release</Filter>
    </ClCompile>
    <ClCompile Include="..\..\Src\IVRFramework\base_widget\eMdiArea.cpp">
      <Filter>IVRFramework\base_widget</Filter>
    </ClCompile>
    <ClCompile Include="GeneratedFiles\Debug\moc_eMdiArea.cpp">
      <Filter>Generated Files\Debug</Filter>
    </ClCompile>
    <ClCompile Include="GeneratedFiles\Release\moc_eMdiArea.cpp">
      <Filter>Generated Files\Release</Filter>
    </ClCompile>
    <ClCompile Include="..\..\Src\IVRFramework\frameless\eFramelessHelper.cpp">
      <Filter>IVRFramework\frameless</Filter>
    </ClCompile>
    <ClCompile Include="GeneratedFiles\Debug\moc_eFramelessHelper.cpp">
      <Filter>Generated Files\Debug</Filter>
    </ClCompile>
    <ClCompile Include="GeneratedFiles\Release\moc_eFramelessHelper.cpp">
      <Filter>Generated Files\Release</Filter>
    </ClCompile>
    <ClCompile Include="..\..\Src\IVRFramework\frameless\eWidgetData.cpp">
      <Filter>IVRFramework\frameless</Filter>
    </ClCompile>
    <ClCompile Include="..\..\Src\IVRFramework\frame\eIContentManager.cpp">
      <Filter>IVRFramework\frame</Filter>
    </ClCompile>
    <ClCompile Include="GeneratedFiles\qrc_Resource.cpp">
      <Filter>Generated Files</Filter>
    </ClCompile>
    <ClCompile Include="..\..\Src\IVRFramework\uiconfig\eIDisplayItem.cpp">
      <Filter>IVRFramework\uiconfig</Filter>
    </ClCompile>
    <ClCompile Include="..\..\Src\IVRFramework\uiconfig\ePageItem.cpp">
      <Filter>IVRFramework\uiconfig</Filter>
    </ClCompile>
    <ClCompile Include="..\..\Src\IVRFramework\uiconfig\eUIConfig.cpp">
      <Filter>IVRFramework\uiconfig</Filter>
    </ClCompile>
    <ClCompile Include="..\..\Src\IVRFramework\uiconfig\eGroupItem.cpp">
      <Filter>IVRFramework\uiconfig</Filter>
    </ClCompile>
    <ClCompile Include="..\..\Src\IVRFramework\frame_extension\eFrameExtensionManager.cpp">
      <Filter>IVRFramework\frame_extension</Filter>
    </ClCompile>
    <ClCompile Include="..\..\Src\IVRFramework\frame_extension\eIContentManager.cpp">
      <Filter>IVRFramework\frame_extension</Filter>
    </ClCompile>
    <ClCompile Include="..\..\Src\IVRFramework\frame_extension\eIFrameExtension.cpp">
      <Filter>IVRFramework\frame_extension</Filter>
    </ClCompile>
    <ClCompile Include="..\..\Src\IVRFramework\frame_extension\eMenuBarExtension.cpp">
      <Filter>IVRFramework\frame_extension</Filter>
    </ClCompile>
    <ClCompile Include="..\..\Src\IVRFramework\frame_extension\eToolBarExtension.cpp">
      <Filter>IVRFramework\frame_extension</Filter>
    </ClCompile>
    <ClCompile Include="..\..\Src\IVRFramework\command\eCommandManager.cpp">
      <Filter>IVRFramework\command</Filter>
    </ClCompile>
    <ClCompile Include="GeneratedFiles\Debug\moc_eCommandManager.cpp">
      <Filter>Generated Files\Debug</Filter>
    </ClCompile>
    <ClCompile Include="GeneratedFiles\Release\moc_eCommandManager.cpp">
      <Filter>Generated Files\Release</Filter>
    </ClCompile>
    <ClCompile Include="..\..\Src\IVRFramework\command\eICommand.cpp">
      <Filter>IVRFramework\command</Filter>
    </ClCompile>
    <ClCompile Include="..\..\Src\IVRFramework\command\eICommandListener.cpp">
      <Filter>IVRFramework\command</Filter>
    </ClCompile>
    <ClCompile Include="..\..\Src\IVRFramework\command\eICommandSet.cpp">
      <Filter>IVRFramework\command</Filter>
    </ClCompile>
    <ClCompile Include="..\..\Src\IVRFramework\command\eIPlugin.cpp">
      <Filter>IVRFramework\command</Filter>
    </ClCompile>
    <ClCompile Include="..\..\Src\IVRFramework\command\eIToolCommand.cpp">
      <Filter>IVRFramework\command</Filter>
    </ClCompile>
    <ClCompile Include="..\..\Src\IVRFramework\command\ePluginManager.cpp">
      <Filter>IVRFramework\command</Filter>
    </ClCompile>
    <ClCompile Include="..\..\Src\IVRFramework\control\eButtonControl.cpp">
      <Filter>IVRFramework\control</Filter>
    </ClCompile>
    <ClCompile Include="..\..\Src\IVRFramework\control\eButtonGroupControl.cpp">
      <Filter>IVRFramework\control</Filter>
    </ClCompile>
    <ClCompile Include="..\..\Src\IVRFramework\control\eCheckBoxControl.cpp">
      <Filter>IVRFramework\control</Filter>
    </ClCompile>
    <ClCompile Include="..\..\Src\IVRFramework\control\eComboBoxControl.cpp">
      <Filter>IVRFramework\control</Filter>
    </ClCompile>
    <ClCompile Include="..\..\Src\IVRFramework\control\eHSeparatorLine.cpp">
      <Filter>IVRFramework\control</Filter>
    </ClCompile>
    <ClCompile Include="..\..\Src\IVRFramework\control\eIControl.cpp">
      <Filter>IVRFramework\control</Filter>
    </ClCompile>
    <ClCompile Include="..\..\Src\IVRFramework\control\eMenuControl.cpp">
      <Filter>IVRFramework\control</Filter>
    </ClCompile>
    <ClCompile Include="..\..\Src\IVRFramework\control\ePopupButtonControl.cpp">
      <Filter>IVRFramework\control</Filter>
    </ClCompile>
    <ClCompile Include="..\..\Src\IVRFramework\control\eRadioButtonControl.cpp">
      <Filter>IVRFramework\control</Filter>
    </ClCompile>
    <ClCompile Include="..\..\Src\IVRFramework\control\eRightMenu.cpp">
      <Filter>IVRFramework\control</Filter>
    </ClCompile>
    <ClCompile Include="..\..\Src\IVRFramework\control\eSplitButtonControl.cpp">
      <Filter>IVRFramework\control</Filter>
    </ClCompile>
    <ClCompile Include="..\..\Src\IVRFramework\control\eUserControl.cpp">
      <Filter>IVRFramework\control</Filter>
    </ClCompile>
    <ClCompile Include="..\..\Src\IVRFramework\control\eVSeparatorLine.cpp">
      <Filter>IVRFramework\control</Filter>
    </ClCompile>
    <ClCompile Include="..\..\Src\IVRFramework\undo_redo\eControlsOperationStack.cpp">
      <Filter>IVRFramework\undo_redo</Filter>
    </ClCompile>
    <ClCompile Include="..\..\Src\IVRFramework\undo_redo\eIOperation.cpp">
      <Filter>IVRFramework\undo_redo</Filter>
    </ClCompile>
    <ClCompile Include="..\..\Src\IVRFramework\undo_redo\eIOperationStack.cpp">
      <Filter>IVRFramework\undo_redo</Filter>
    </ClCompile>
    <ClCompile Include="..\..\Src\IVRFramework\command\eCommandDelegate.cpp">
      <Filter>IVRFramework\command</Filter>
    </ClCompile>
    <ClCompile Include="..\..\Src\IVRFramework\frame\eIContentEventListener.cpp">
      <Filter>IVRFramework\frame</Filter>
    </ClCompile>
    <ClCompile Include="..\..\Src\IVRFramework\frame\eIContentView.cpp">
      <Filter>IVRFramework\frame</Filter>
    </ClCompile>
    <ClCompile Include="..\..\Src\IVRFramework\control\eContainerControl.cpp">
      <Filter>IVRFramework\control</Filter>
    </ClCompile>
    <ClCompile Include="GeneratedFiles\Debug\moc_eToolBar.cpp">
      <Filter>Generated Files\Debug</Filter>
    </ClCompile>
    <ClCompile Include="GeneratedFiles\Release\moc_eToolBar.cpp">
      <Filter>Generated Files\Release</Filter>
    </ClCompile>
    <ClCompile Include="..\..\Src\IVRFramework\base_widget\eToolBar.cpp">
      <Filter>IVRFramework\base_widget</Filter>
    </ClCompile>
    <ClCompile Include="..\..\Src\IVRFramework\undo_redo\eGroupOperations.cpp">
      <Filter>IVRFramework\undo_redo</Filter>
    </ClCompile>
  </ItemGroup>
  <ItemGroup>
    <ClInclude Include="..\..\Src\IVRFramework\eAppInfo.h">
      <Filter>IVRFramework</Filter>
    </ClInclude>
    <ClInclude Include="..\..\Src\IVRFramework\eCommon.h">
      <Filter>IVRFramework</Filter>
    </ClInclude>
    <ClInclude Include="..\..\Src\IVRFramework\eLanguageManager.h">
      <Filter>IVRFramework</Filter>
    </ClInclude>
    <ClInclude Include="..\..\Src\IVRFramework\eService.h">
      <Filter>IVRFramework</Filter>
    </ClInclude>
    <ClInclude Include="..\..\Src\IVRFramework\ivrframework_global.h">
      <Filter>IVRFramework</Filter>
    </ClInclude>
    <ClInclude Include="..\..\Src\IVRFramework\frameless\eWidgetData.h">
      <Filter>IVRFramework\frameless</Filter>
    </ClInclude>
    <ClInclude Include="..\..\Src\IVRFramework\frame\eIContentManager.h">
      <Filter>IVRFramework\frame</Filter>
    </ClInclude>
    <ClInclude Include="..\..\Src\IVRFramework\uiconfig\eGroupItem.h">
      <Filter>IVRFramework\uiconfig</Filter>
    </ClInclude>
    <ClInclude Include="..\..\Src\IVRFramework\uiconfig\eIDisplayItem.h">
      <Filter>IVRFramework\uiconfig</Filter>
    </ClInclude>
    <ClInclude Include="..\..\Src\IVRFramework\uiconfig\ePageItem.h">
      <Filter>IVRFramework\uiconfig</Filter>
    </ClInclude>
    <ClInclude Include="..\..\Src\IVRFramework\uiconfig\eUIConfig.h">
      <Filter>IVRFramework\uiconfig</Filter>
    </ClInclude>
    <ClInclude Include="..\..\Src\IVRFramework\frame_extension\eFrameExtensionManager.h">
      <Filter>IVRFramework\frame_extension</Filter>
    </ClInclude>
    <ClInclude Include="..\..\Src\IVRFramework\frame_extension\eIContentManager.h">
      <Filter>IVRFramework\frame_extension</Filter>
    </ClInclude>
    <ClInclude Include="..\..\Src\IVRFramework\frame_extension\eIFrameExtension.h">
      <Filter>IVRFramework\frame_extension</Filter>
    </ClInclude>
    <ClInclude Include="..\..\Src\IVRFramework\frame_extension\eMenuBarExtension.h">
      <Filter>IVRFramework\frame_extension</Filter>
    </ClInclude>
    <ClInclude Include="..\..\Src\IVRFramework\frame_extension\eToolBarExtension.h">
      <Filter>IVRFramework\frame_extension</Filter>
    </ClInclude>
    <ClInclude Include="..\..\Src\IVRFramework\command\eICommand.h">
      <Filter>IVRFramework\command</Filter>
    </ClInclude>
    <ClInclude Include="..\..\Src\IVRFramework\command\eICommandListener.h">
      <Filter>IVRFramework\command</Filter>
    </ClInclude>
    <ClInclude Include="..\..\Src\IVRFramework\command\eICommandSet.h">
      <Filter>IVRFramework\command</Filter>
    </ClInclude>
    <ClInclude Include="..\..\Src\IVRFramework\command\eIPlugin.h">
      <Filter>IVRFramework\command</Filter>
    </ClInclude>
    <ClInclude Include="..\..\Src\IVRFramework\command\eIToolCommand.h">
      <Filter>IVRFramework\command</Filter>
    </ClInclude>
    <ClInclude Include="..\..\Src\IVRFramework\command\ePluginManager.h">
      <Filter>IVRFramework\command</Filter>
    </ClInclude>
    <ClInclude Include="..\..\Src\IVRFramework\control\eButtonControl.h">
      <Filter>IVRFramework\control</Filter>
    </ClInclude>
    <ClInclude Include="..\..\Src\IVRFramework\control\eButtonGroupControl.h">
      <Filter>IVRFramework\control</Filter>
    </ClInclude>
    <ClInclude Include="..\..\Src\IVRFramework\control\eCheckBoxControl.h">
      <Filter>IVRFramework\control</Filter>
    </ClInclude>
    <ClInclude Include="..\..\Src\IVRFramework\control\eComboBoxControl.h">
      <Filter>IVRFramework\control</Filter>
    </ClInclude>
    <ClInclude Include="..\..\Src\IVRFramework\control\eContainerControl.h">
      <Filter>IVRFramework\control</Filter>
    </ClInclude>
    <ClInclude Include="..\..\Src\IVRFramework\control\eHSeparatorLine.h">
      <Filter>IVRFramework\control</Filter>
    </ClInclude>
    <ClInclude Include="..\..\Src\IVRFramework\control\eIControl.h">
      <Filter>IVRFramework\control</Filter>
    </ClInclude>
    <ClInclude Include="..\..\Src\IVRFramework\control\eMenuControl.h">
      <Filter>IVRFramework\control</Filter>
    </ClInclude>
    <ClInclude Include="..\..\Src\IVRFramework\control\ePopupButtonControl.h">
      <Filter>IVRFramework\control</Filter>
    </ClInclude>
    <ClInclude Include="..\..\Src\IVRFramework\control\eRadioButtonControl.h">
      <Filter>IVRFramework\control</Filter>
    </ClInclude>
    <ClInclude Include="..\..\Src\IVRFramework\control\eRightMenu.h">
      <Filter>IVRFramework\control</Filter>
    </ClInclude>
    <ClInclude Include="..\..\Src\IVRFramework\control\eSplitButtonControl.h">
      <Filter>IVRFramework\control</Filter>
    </ClInclude>
    <ClInclude Include="..\..\Src\IVRFramework\control\eUserControl.h">
      <Filter>IVRFramework\control</Filter>
    </ClInclude>
    <ClInclude Include="..\..\Src\IVRFramework\control\eVSeparatorLine.h">
      <Filter>IVRFramework\control</Filter>
    </ClInclude>
    <ClInclude Include="..\..\Src\IVRFramework\undo_redo\eControlsOperationStack.h">
      <Filter>IVRFramework\undo_redo</Filter>
    </ClInclude>
    <ClInclude Include="..\..\Src\IVRFramework\undo_redo\eGroupOperations.h">
      <Filter>IVRFramework\undo_redo</Filter>
    </ClInclude>
    <ClInclude Include="..\..\Src\IVRFramework\undo_redo\eIOperation.h">
      <Filter>IVRFramework\undo_redo</Filter>
    </ClInclude>
    <ClInclude Include="..\..\Src\IVRFramework\undo_redo\eIOperationStack.h">
      <Filter>IVRFramework\undo_redo</Filter>
    </ClInclude>
    <ClInclude Include="..\..\Src\IVRFramework\command\eCommandDelegate.h">
      <Filter>IVRFramework\command</Filter>
    </ClInclude>
    <ClInclude Include="..\..\Src\IVRFramework\frame\eIContentEventListener.h">
      <Filter>IVRFramework\frame</Filter>
    </ClInclude>
    <ClInclude Include="..\..\Src\IVRFramework\frame\eIContentView.h">
      <Filter>IVRFramework\frame</Filter>
    </ClInclude>
  </ItemGroup>
  <ItemGroup>
    <None Include="ivrframework_zh.ts">
      <Filter>Translation Files</Filter>
    </None>
  </ItemGroup>
</Project>